
Microsoft Visual Studio Solution File, Format Version 12.00
# Visual Studio Version 18
VisualStudioVersion = 18.5.11709.299 stable
MinimumVisualStudioVersion = 10.0.40219.1
Project("{FAE04EC0-301F-11D3-BF4B-00C04F79EFBC}") = "PolarDrinks", "PolarDrinks.csproj", "{C95C563F-BBFF-FC91-A244-9B3624D8320C}"
EndProject
Global
	GlobalSection(SolutionConfigurationPlatforms) = preSolution
		Debug|Any CPU = Debug|Any CPU
		Release|Any CPU = Release|Any CPU
	EndGlobalSection
	GlobalSection(ProjectConfigurationPlatforms) = postSolution
		{C95C563F-BBFF-FC91-A244-9B3624D8320C}.Debug|Any CPU.ActiveCfg = Debug|Any CPU
		{C95C563F-BBFF-FC91-A244-9B3624D8320C}.Debug|Any CPU.Build.0 = Debug|Any CPU
		{C95C563F-BBFF-FC91-A244-9B3624D8320C}.Release|Any CPU.ActiveCfg = Release|Any CPU
		{C95C563F-BBFF-FC91-A244-9B3624D8320C}.Release|Any CPU.Build.0 = Release|Any CPU
	EndGlobalSection
	GlobalSection(SolutionProperties) = preSolution
		HideSolutionNode = FALSE
	EndGlobalSection
	GlobalSection(ExtensibilityGlobals) = postSolution
		SolutionGuid = {C3A4A886-6ADE-4B0F-A787-EF28B3293F46}
	EndGlobalSection
EndGlobal
